// !$*UTF8*$!
{
	archiveVersion = 1;
	classes = {
	};
	objectVersion = 50;
	objects = {

/* Begin PBXBuildFile section */
		1EF5EA8822A580960029B119 /* AppDelegate.m in Sources */ = {isa = PBXBuildFile; fileRef = 1EF5EA8722A580960029B119 /* AppDelegate.m */; };
		1EF5EA8B22A580960029B119 /* Renderer.m in Sources */ = {isa = PBXBuildFile; fileRef = 1EF5EA8A22A580960029B119 /* Renderer.m */; };
		1EF5EA8E22A580960029B119 /* GameViewController.m in Sources */ = {isa = PBXBuildFile; fileRef = 1EF5EA8D22A580960029B119 /* GameViewController.m */; };
		1EF5EA9022A580960029B119 /* Shaders.metal in Sources */ = {isa = PBXBuildFile; fileRef = 1EF5EA8F22A580960029B119 /* Shaders.metal */; };
		1EF5EA9422A580960029B119 /* Main.storyboard in Resources */ = {isa = PBXBuildFile; fileRef = 1EF5EA9222A580960029B119 /* Main.storyboard */; };
		1EF5EA9622A580980029B119 /* Assets.xcassets in Resources */ = {isa = PBXBuildFile; fileRef = 1EF5EA9522A580980029B119 /* Assets.xcassets */; };
		1EF5EA9922A580980029B119 /* LaunchScreen.storyboard in Resources */ = {isa = PBXBuildFile; fileRef = 1EF5EA9722A580980029B119 /* LaunchScreen.storyboard */; };
		1EF5EA9C22A580980029B119 /* main.m in Sources */ = {isa = PBXBuildFile; fileRef = 1EF5EA9B22A580980029B119 /* main.m */; };
		1EF5EAA422A665A40029B119 /* SnowEngine.framework in Frameworks */ = {isa = PBXBuildFile; fileRef = 1EF5EAA322A665A40029B119 /* SnowEngine.framework */; };
/* End PBXBuildFile section */

/* Begin PBXFileReference section */
		1EF5EA8322A580960029B119 /* Viewer.app */ = {isa = PBXFileReference; explicitFileType = wrapper.application; includeInIndex = 0; path = Viewer.app; sourceTree = BUILT_PRODUCTS_DIR; };
		1EF5EA8622A580960029B119 /* AppDelegate.h */ = {isa = PBXFileReference; lastKnownFileType = sourcecode.c.h; path = AppDelegate.h; sourceTree = "<group>"; };
		1EF5EA8722A580960029B119 /* AppDelegate.m */ = {isa = PBXFileReference; lastKnownFileType = sourcecode.c.objc; path = AppDelegate.m; sourceTree = "<group>"; };
		1EF5EA8922A580960029B119 /* Renderer.h */ = {isa = PBXFileReference; lastKnownFileType = sourcecode.c.h; path = Renderer.h; sourceTree = "<group>"; };
		1EF5EA8A22A580960029B119 /* Renderer.m */ = {isa = PBXFileReference; lastKnownFileType = sourcecode.c.objc; path = Renderer.m; sourceTree = "<group>"; };
		1EF5EA8C22A580960029B119 /* GameViewController.h */ = {isa = PBXFileReference; lastKnownFileType = sourcecode.c.h; path = GameViewController.h; sourceTree = "<group>"; };
		1EF5EA8D22A580960029B119 /* GameViewController.m */ = {isa = PBXFileReference; lastKnownFileType = sourcecode.c.objc; path = GameViewController.m; sourceTree = "<group>"; };
		1EF5EA8F22A580960029B119 /* Shaders.metal */ = {isa = PBXFileReference; lastKnownFileType = sourcecode.metal; path = Shaders.metal; sourceTree = "<group>"; };
		1EF5EA9122A580960029B119 /* ShaderTypes.h */ = {isa = PBXFileReference; lastKnownFileType = sourcecode.c.h; path = ShaderTypes.h; sourceTree = "<group>"; };
		1EF5EA9322A580960029B119 /* Base */ = {isa = PBXFileReference; lastKnownFileType = file.storyboard; name = Base; path = Base.lproj/Main.storyboard; sourceTree = "<group>"; };
		1EF5EA9522A580980029B119 /* Assets.xcassets */ = {isa = PBXFileReference; lastKnownFileType = folder.assetcatalog; path = Assets.xcassets; sourceTree = "<group>"; };
		1EF5EA9822A580980029B119 /* Base */ = {isa = PBXFileReference; lastKnownFileType = file.storyboard; name = Base; path = Base.lproj/LaunchScreen.storyboard; sourceTree = "<group>"; };
		1EF5EA9A22A580980029B119 /* Info.plist */ = {isa = PBXFileReference; lastKnownFileType = text.plist.xml; path = Info.plist; sourceTree = "<group>"; };
		1EF5EA9B22A580980029B119 /* main.m */ = {isa = PBXFileReference; lastKnownFileType = sourcecode.c.objc; path = main.m; sourceTree = "<group>"; };
		1EF5EAA322A665A40029B119 /* SnowEngine.framework */ = {isa = PBXFileReference; explicitFileType = wrapper.framework; path = SnowEngine.framework; sourceTree = BUILT_PRODUCTS_DIR; };
/* End PBXFileReference section */

/* Begin PBXFrameworksBuildPhase section */
		1EF5EA8022A580960029B119 /* Frameworks */ = {
			isa = PBXFrameworksBuildPhase;
			buildActionMask = 2147483647;
			files = (
				1EF5EAA422A665A40029B119 /* SnowEngine.framework in Frameworks */,
			);
			runOnlyForDeploymentPostprocessing = 0;
		};
/* End PBXFrameworksBuildPhase section */

/* Begin PBXGroup section */
		1EF5EA7A22A580960029B119 = {
			isa = PBXGroup;
			children = (
				1EF5EA8522A580960029B119 /* Viewer */,
				1EF5EA8422A580960029B119 /* Products */,
				1EF5EAA222A665A40029B119 /* Frameworks */,
			);
			sourceTree = "<group>";
		};
		1EF5EA8422A580960029B119 /* Products */ = {
			isa = PBXGroup;
			children = (
				1EF5EA8322A580960029B119 /* Viewer.app */,
			);
			name = Products;
			sourceTree = "<group>";
		};
		1EF5EA8522A580960029B119 /* Viewer */ = {
			isa = PBXGroup;
			children = (
				1EF5EA8622A580960029B119 /* AppDelegate.h */,
				1EF5EA8722A580960029B119 /* AppDelegate.m */,
				1EF5EA8922A580960029B119 /* Renderer.h */,
				1EF5EA8A22A580960029B119 /* Renderer.m */,
				1EF5EA8C22A580960029B119 /* GameViewController.h */,
				1EF5EA8D22A580960029B119 /* GameViewController.m */,
				1EF5EA8F22A580960029B119 /* Shaders.metal */,
				1EF5EA9122A580960029B119 /* ShaderTypes.h */,
				1EF5EA9222A580960029B119 /* Main.storyboard */,
				1EF5EA9522A580980029B119 /* Assets.xcassets */,
				1EF5EA9722A580980029B119 /* LaunchScreen.storyboard */,
				1EF5EA9A22A580980029B119 /* Info.plist */,
				1EF5EA9B22A580980029B119 /* main.m */,
			);
			path = Viewer;
			sourceTree = "<group>";
		};
		1EF5EAA222A665A40029B119 /* Frameworks */ = {
			isa = PBXGroup;
			children = (
				1EF5EAA322A665A40029B119 /* SnowEngine.framework */,
			);
			name = Frameworks;
			sourceTree = "<group>";
		};
/* End PBXGroup section */

/* Begin PBXNativeTarget section */
		1EF5EA8222A580960029B119 /* Viewer */ = {
			isa = PBXNativeTarget;
			buildConfigurationList = 1EF5EA9F22A580980029B119 /* Build configuration list for PBXNativeTarget "Viewer" */;
			buildPhases = (
				1EF5EA7F22A580960029B119 /* Sources */,
				1EF5EA8022A580960029B119 /* Frameworks */,
				1EF5EA8122A580960029B119 /* Resources */,
			);
			buildRules = (
			);
			dependencies = (
			);
			name = Viewer;
			productName = Viewer;
			productReference = 1EF5EA8322A580960029B119 /* Viewer.app */;
			productType = "com.apple.product-type.application";
		};
/* End PBXNativeTarget section */

/* Begin PBXProject section */
		1EF5EA7B22A580960029B119 /* Project object */ = {
			isa = PBXProject;
			attributes = {
				LastUpgradeCheck = 1010;
				ORGANIZATIONNAME = Snow;
				TargetAttributes = {
					1EF5EA8222A580960029B119 = {
						CreatedOnToolsVersion = 10.1;
					};
				};
			};
			buildConfigurationList = 1EF5EA7E22A580960029B119 /* Build configuration list for PBXProject "Viewer" */;
			compatibilityVersion = "Xcode 9.3";
			developmentRegion = en;
			hasScannedForEncodings = 0;
			knownRegions = (
				en,
				Base,
			);
			mainGroup = 1EF5EA7A22A580960029B119;
			productRefGroup = 1EF5EA8422A580960029B119 /* Products */;
			projectDirPath = "";
			projectRoot = "";
			targets = (
				1EF5EA8222A580960029B119 /* Viewer */,
			);
		};
/* End PBXProject section */

/* Begin PBXResourcesBuildPhase section */
		1EF5EA8122A580960029B119 /* Resources */ = {
			isa = PBXResourcesBuildPhase;
			buildActionMask = 2147483647;
			files = (
				1EF5EA9922A580980029B119 /* LaunchScreen.storyboard in Resources */,
				1EF5EA9622A580980029B119 /* Assets.xcassets in Resources */,
				1EF5EA9422A580960029B119 /* Main.storyboard in Resources */,
			);
			runOnlyForDeploymentPostprocessing = 0;
		};
/* End PBXResourcesBuildPhase section */

/* Begin PBXSourcesBuildPhase section */
		1EF5EA7F22A580960029B119 /* Sources */ = {
			isa = PBXSourcesBuildPhase;
			buildActionMask = 2147483647;
			files = (
				1EF5EA9C22A580980029B119 /* main.m in Sources */,
				1EF5EA9022A580960029B119 /* Shaders.metal in Sources */,
				1EF5EA8B22A580960029B119 /* Renderer.m in Sources */,
				1EF5EA8E22A580960029B119 /* GameViewController.m in Sources */,
				1EF5EA8822A580960029B119 /* AppDelegate.m in Sources */,
			);
			runOnlyForDeploymentPostprocessing = 0;
		};
/* End PBXSourcesBuildPhase section */

/* Begin PBXVariantGroup section */
		1EF5EA9222A580960029B119 /* Main.storyboard */ = {
			isa = PBXVariantGroup;
			children = (
				1EF5EA9322A580960029B119 /* Base */,
			);
			name = Main.storyboard;
			sourceTree = "<group>";
		};
		1EF5EA9722A580980029B119 /* LaunchScreen.storyboard */ = {
			isa = PBXVariantGroup;
			children = (
				1EF5EA9822A580980029B119 /* Base */,
			);
			name = LaunchScreen.storyboard;
			sourceTree = "<group>";
		};
/* End PBXVariantGroup section */

/* Begin XCBuildConfiguration section */
		1EF5EA9D22A580980029B119 /* Debug */ = {
			isa = XCBuildConfiguration;
			buildSettings = {
				ALWAYS_SEARCH_USER_PATHS = NO;
				CLANG_ANALYZER_NONNULL = YES;
				CLANG_ANALYZER_NUMBER_OBJECT_CONVERSION = YES_AGGRESSIVE;
				CLANG_CXX_LANGUAGE_STANDARD = "gnu++14";
				CLANG_CXX_LIBRARY = "libc++";
				CLANG_ENABLE_MODULES = YES;
				CLANG_ENABLE_OBJC_ARC = YES;
				CLANG_ENABLE_OBJC_WEAK = YES;
				CLANG_WARN_BLOCK_CAPTURE_AUTORELEASING = YES;
				CLANG_WARN_BOOL_CONVERSION = YES;
				CLANG_WARN_COMMA = YES;
				CLANG_WARN_CONSTANT_CONVERSION = YES;
				CLANG_WARN_DEPRECATED_OBJC_IMPLEMENTATIONS = YES;
				CLANG_WARN_DIRECT_OBJC_ISA_USAGE = YES_ERROR;
				CLANG_WARN_DOCUMENTATION_COMMENTS = YES;
				CLANG_WARN_EMPTY_BODY = YES;
				CLANG_WARN_ENUM_CONVERSION = YES;
				CLANG_WARN_INFINITE_RECURSION = YES;
				CLANG_WARN_INT_CONVERSION = YES;
				CLANG_WARN_NON_LITERAL_NULL_CONVERSION = YES;
				CLANG_WARN_OBJC_IMPLICIT_RETAIN_SELF = YES;
				CLANG_WARN_OBJC_LITERAL_CONVERSION = YES;
				CLANG_WARN_OBJC_ROOT_CLASS = YES_ERROR;
				CLANG_WARN_RANGE_LOOP_ANALYSIS = YES;
				CLANG_WARN_STRICT_PROTOTYPES = YES;
				CLANG_WARN_SUSPICIOUS_MOVE = YES;
				CLANG_WARN_UNGUARDED_AVAILABILITY = YES_AGGRESSIVE;
				CLANG_WARN_UNREACHABLE_CODE = YES;
				CLANG_WARN__DUPLICATE_METHOD_MATCH = YES;
				CODE_SIGN_IDENTITY = "iPhone Developer";
				COPY_PHASE_STRIP = NO;
				DEBUG_INFORMATION_FORMAT = dwarf;
				ENABLE_STRICT_OBJC_MSGSEND = YES;
				ENABLE_TESTABILITY = YES;
				GCC_C_LANGUAGE_STANDARD = gnu11;
				GCC_DYNAMIC_NO_PIC = NO;
				GCC_NO_COMMON_BLOCKS = YES;
				GCC_OPTIMIZATION_LEVEL = 0;
				GCC_PREPROCESSOR_DEFINITIONS = (
					"DEBUG=1",
					"$(inherited)",
				);
				GCC_WARN_64_TO_32_BIT_CONVERSION = YES;
				GCC_WARN_ABOUT_RETURN_TYPE = YES_ERROR;
				GCC_WARN_UNDECLARED_SELECTOR = YES;
				GCC_WARN_UNINITIALIZED_AUTOS = YES_AGGRESSIVE;
				GCC_WARN_UNUSED_FUNCTION = YES;
				GCC_WARN_UNUSED_VARIABLE = YES;
				IPHONEOS_DEPLOYMENT_TARGET = 13.0;
				MTL_ENABLE_DEBUG_INFO = INCLUDE_SOURCE;
				MTL_FAST_MATH = YES;
				ONLY_ACTIVE_ARCH = YES;
				SDKROOT = iphoneos;
			};
			name = Debug;
		};
		1EF5EA9E22A580980029B119 /* Release */ = {
			isa = XCBuildConfiguration;
			buildSettings = {
				ALWAYS_SEARCH_USER_PATHS = NO;
				CLANG_ANALYZER_NONNULL = YES;
				CLANG_ANALYZER_NUMBER_OBJECT_CONVERSION = YES_AGGRESSIVE;
				CLANG_CXX_LANGUAGE_STANDARD = "gnu++14";
				CLANG_CXX_LIBRARY = "libc++";
				CLANG_ENABLE_MODULES = YES;
				CLANG_ENABLE_OBJC_ARC = YES;
				CLANG_ENABLE_OBJC_WEAK = YES;
				CLANG_WARN_BLOCK_CAPTURE_AUTORELEASING = YES;
				CLANG_WARN_BOOL_CONVERSION = YES;
				CLANG_WARN_COMMA = YES;
				CLANG_WARN_CONSTANT_CONVERSION = YES;
				CLANG_WARN_DEPRECATED_OBJC_IMPLEMENTATIONS = YES;
				CLANG_WARN_DIRECT_OBJC_ISA_USAGE = YES_ERROR;
				CLANG_WARN_DOCUMENTATION_COMMENTS = YES;
				CLANG_WARN_EMPTY_BODY = YES;
				CLANG_WARN_ENUM_CONVERSION = YES;
				CLANG_WARN_INFINITE_RECURSION = YES;
				CLANG_WARN_INT_CONVERSION = YES;
				CLANG_WARN_NON_LITERAL_NULL_CONVERSION = YES;
				CLANG_WARN_OBJC_IMPLICIT_RETAIN_SELF = YES;
				CLANG_WARN_OBJC_LITERAL_CONVERSION = YES;
				CLANG_WARN_OBJC_ROOT_CLASS = YES_ERROR;
				CLANG_WARN_RANGE_LOOP_ANALYSIS = YES;
				CLANG_WARN_STRICT_PROTOTYPES = YES;
				CLANG_WARN_SUSPICIOUS_MOVE = YES;
				CLANG_WARN_UNGUARDED_AVAILABILITY = YES_AGGRESSIVE;
				CLANG_WARN_UNREACHABLE_CODE = YES;
				CLANG_WARN__DUPLICATE_METHOD_MATCH = YES;
				CODE_SIGN_IDENTITY = "iPhone Developer";
				COPY_PHASE_STRIP = NO;
				DEBUG_INFORMATION_FORMAT = "dwarf-with-dsym";
				ENABLE_NS_ASSERTIONS = NO;
				ENABLE_STRICT_OBJC_MSGSEND = YES;
				GCC_C_LANGUAGE_STANDARD = gnu11;
				GCC_NO_COMMON_BLOCKS = YES;
				GCC_WARN_64_TO_32_BIT_CONVERSION = YES;
				GCC_WARN_ABOUT_RETURN_TYPE = YES_ERROR;
				GCC_WARN_UNDECLARED_SELECTOR = YES;
				GCC_WARN_UNINITIALIZED_AUTOS = YES_AGGRESSIVE;
				GCC_WARN_UNUSED_FUNCTION = YES;
				GCC_WARN_UNUSED_VARIABLE = YES;
				IPHONEOS_DEPLOYMENT_TARGET = 13.0;
				MTL_ENABLE_DEBUG_INFO = NO;
				MTL_FAST_MATH = YES;
				SDKROOT = iphoneos;
				VALIDATE_PRODUCT = YES;
			};
			name = Release;
		};
		1EF5EAA022A580980029B119 /* Debug */ = {
			isa = XCBuildConfiguration;
			buildSettings = {
				ASSETCATALOG_COMPILER_APPICON_NAME = AppIcon;
				CODE_SIGN_STYLE = Automatic;
				DEVELOPMENT_TEAM = 437W2955TM;
				INFOPLIST_FILE = Viewer/Info.plist;
				LD_RUNPATH_SEARCH_PATHS = (
					"$(inherited)",
					"@executable_path/Frameworks",
				);
				PRODUCT_BUNDLE_IDENTIFIER = Snow.Viewer;
				PRODUCT_NAME = "$(TARGET_NAME)";
				TARGETED_DEVICE_FAMILY = "1,2";
			};
			name = Debug;
		};
		1EF5EAA122A580980029B119 /* Release */ = {
			isa = XCBuildConfiguration;
			buildSettings = {
				ASSETCATALOG_COMPILER_APPICON_NAME = AppIcon;
				CODE_SIGN_STYLE = Automatic;
				DEVELOPMENT_TEAM = 437W2955TM;
				INFOPLIST_FILE = Viewer/Info.plist;
				LD_RUNPATH_SEARCH_PATHS = (
					"$(inherited)",
					"@executable_path/Frameworks",
				);
				PRODUCT_BUNDLE_IDENTIFIER = Snow.Viewer;
				PRODUCT_NAME = "$(TARGET_NAME)";
				TARGETED_DEVICE_FAMILY = "1,2";
			};
			name = Release;
		};
/* End XCBuildConfiguration section */

/* Begin XCConfigurationList section */
		1EF5EA7E22A580960029B119 /* Build configuration list for PBXProject "Viewer" */ = {
			isa = XCConfigurationList;
			buildConfigurations = (
				1EF5EA9D22A580980029B119 /* Debug */,
				1EF5EA9E22A580980029B119 /* Release */,
			);
			defaultConfigurationIsVisible = 0;
			defaultConfigurationName = Release;
		};
		1EF5EA9F22A580980029B119 /* Build configuration list for PBXNativeTarget "Viewer" */ = {
			isa = XCConfigurationList;
			buildConfigurations = (
				1EF5EAA022A580980029B119 /* Debug */,
				1EF5EAA122A580980029B119 /* Release */,
			);
			defaultConfigurationIsVisible = 0;
			defaultConfigurationName = Release;
		};
/* End XCConfigurationList section */
	};
	rootObject = 1EF5EA7B22A580960029B119 /* Project object */;
}
